
Microsoft Visual Studio Solution File, Format Version 12.00
# Visual Studio Version 16
VisualStudioVersion = 16.0.30011.22
MinimumVisualStudioVersion = 10.0.40219.1
Project("{8BC9CEB8-8B4A-11D0-8D11-00A0C91BC942}") = "UserLiveDebugging", "UserLiveDebugging\UserLiveDebugging.vcxproj", "{B6697958-12DB-417B-B3E3-777291F88CB1}"
EndProject
Global
	GlobalSection(SolutionConfigurationPlatforms) = preSolution
		Debug|x64 = Debug|x64
		Debug|x86 = Debug|x86
		Release|x64 = Release|x64
		Release|x86 = Release|x86
	EndGlobalSection
	GlobalSection(ProjectConfigurationPlatforms) = postSolution
		{B6697958-12DB-417B-B3E3-777291F88CB1}.Debug|x64.ActiveCfg = Debug|x64
		{B6697958-12DB-417B-B3E3-777291F88CB1}.Debug|x64.Build.0 = Debug|x64
		{B6697958-12DB-417B-B3E3-777291F88CB1}.Debug|x86.ActiveCfg = Debug|Win32
		{B6697958-12DB-417B-B3E3-777291F88CB1}.Debug|x86.Build.0 = Debug|Win32
		{B6697958-12DB-417B-B3E3-777291F88CB1}.Release|x64.ActiveCfg = Release|x64
		{B6697958-12DB-417B-B3E3-777291F88CB1}.Release|x64.Build.0 = Release|x64
		{B6697958-12DB-417B-B3E3-777291F88CB1}.Release|x86.ActiveCfg = Release|Win32
		{B6697958-12DB-417B-B3E3-777291F88CB1}.Release|x86.Build.0 = Release|Win32
	EndGlobalSection
	GlobalSection(SolutionProperties) = preSolution
		HideSolutionNode = FALSE
	EndGlobalSection
	GlobalSection(ExtensibilityGlobals) = postSolution
		SolutionGuid = {777FBB8F-1359-422B-AA30-EC0B9ED02A2A}
	EndGlobalSection
EndGlobal
